PODS:
  - PorterStemmer2 (0.1.0)
  - SwiftPriorityQueue (1.2.1)

DEPENDENCIES:
  - PorterStemmer2
  - SwiftPriorityQueue

SPEC REPOS:
  https://github.com/cocoapods/specs.git:
    - PorterStemmer2
    - SwiftPriorityQueue

SPEC CHECKSUMS:
  PorterStemmer2: 6df20d36f522f863cff899190db0100ccc08205e
  SwiftPriorityQueue: 2ce5768829a9ef84d8b8fec5e73546d72ee3d8f6

PODFILE CHECKSUM: 15f1bfd7d06de2f24d67b349e844de46f1c8dedb

COCOAPODS: 1.6.0.beta.1
