// !$*UTF8*$!
{
	archiveVersion = 1;
	classes = {
	};
	objectVersion = 50;
	objects = {

/* Begin PBXBuildFile section */
		D040E656214C99C900A487F5 /* AppDelegate.swift in Sources */ = {isa = PBXBuildFile; fileRef = D040E655214C99C900A487F5 /* AppDelegate.swift */; };
		D040E658214C99C900A487F5 /* ViewController.swift in Sources */ = {isa = PBXBuildFile; fileRef = D040E657214C99C900A487F5 /* ViewController.swift */; };
		D040E65A214C99CB00A487F5 /* Assets.xcassets in Resources */ = {isa = PBXBuildFile; fileRef = D040E659214C99CB00A487F5 /* Assets.xcassets */; };
		D040E65D214C99CB00A487F5 /* Main.storyboard in Resources */ = {isa = PBXBuildFile; fileRef = D040E65B214C99CB00A487F5 /* Main.storyboard */; };
		D040E669214C99CB00A487F5 /* SearchEngineTests.swift in Sources */ = {isa = PBXBuildFile; fileRef = D040E668214C99CB00A487F5 /* SearchEngineTests.swift */; };
/* End PBXBuildFile section */

/* Begin PBXContainerItemProxy section */
		D040E665214C99CB00A487F5 /* PBXContainerItemProxy */ = {
			isa = PBXContainerItemProxy;
			containerPortal = D040E64A214C99C900A487F5 /* Project object */;
			proxyType = 1;
			remoteGlobalIDString = D040E651214C99C900A487F5;
			remoteInfo = SearchEngine;
		};
/* End PBXContainerItemProxy section */

/* Begin PBXFileReference section */
		D040E652214C99C900A487F5 /* SearchEngine.app */ = {isa = PBXFileReference; explicitFileType = wrapper.application; includeInIndex = 0; path = SearchEngine.app; sourceTree = BUILT_PRODUCTS_DIR; };
		D040E655214C99C900A487F5 /* AppDelegate.swift */ = {isa = PBXFileReference; lastKnownFileType = sourcecode.swift; path = AppDelegate.swift; sourceTree = "<group>"; };
		D040E657214C99C900A487F5 /* ViewController.swift */ = {isa = PBXFileReference; lastKnownFileType = sourcecode.swift; path = ViewController.swift; sourceTree = "<group>"; };
		D040E659214C99CB00A487F5 /* Assets.xcassets */ = {isa = PBXFileReference; lastKnownFileType = folder.assetcatalog; path = Assets.xcassets; sourceTree = "<group>"; };
		D040E65C214C99CB00A487F5 /* Base */ = {isa = PBXFileReference; lastKnownFileType = file.storyboard; name = Base; path = Base.lproj/Main.storyboard; sourceTree = "<group>"; };
		D040E65E214C99CB00A487F5 /* Info.plist */ = {isa = PBXFileReference; lastKnownFileType = text.plist.xml; path = Info.plist; sourceTree = "<group>"; };
		D040E65F214C99CB00A487F5 /* SearchEngine.entitlements */ = {isa = PBXFileReference; lastKnownFileType = text.plist.entitlements; path = SearchEngine.entitlements; sourceTree = "<group>"; };
		D040E664214C99CB00A487F5 /* SearchEngineTests.xctest */ = {isa = PBXFileReference; explicitFileType = wrapper.cfbundle; includeInIndex = 0; path = SearchEngineTests.xctest; sourceTree = BUILT_PRODUCTS_DIR; };
		D040E668214C99CB00A487F5 /* SearchEngineTests.swift */ = {isa = PBXFileReference; lastKnownFileType = sourcecode.swift; path = SearchEngineTests.swift; sourceTree = "<group>"; };
		D040E66A214C99CB00A487F5 /* Info.plist */ = {isa = PBXFileReference; lastKnownFileType = text.plist.xml; path = Info.plist; sourceTree = "<group>"; };
/* End PBXFileReference section */

/* Begin PBXFrameworksBuildPhase section */
		D040E64F214C99C900A487F5 /* Frameworks */ = {
			isa = PBXFrameworksBuildPhase;
			buildActionMask = 2147483647;
			files = (
			);
			runOnlyForDeploymentPostprocessing = 0;
		};
		D040E661214C99CB00A487F5 /* Frameworks */ = {
			isa = PBXFrameworksBuildPhase;
			buildActionMask = 2147483647;
			files = (
			);
			runOnlyForDeploymentPostprocessing = 0;
		};
/* End PBXFrameworksBuildPhase section */

/* Begin PBXGroup section */
		D040E649214C99C900A487F5 = {
			isa = PBXGroup;
			children = (
				D040E654214C99C900A487F5 /* SearchEngine */,
				D040E667214C99CB00A487F5 /* SearchEngineTests */,
				D040E653214C99C900A487F5 /* Products */,
			);
			sourceTree = "<group>";
		};
		D040E653214C99C900A487F5 /* Products */ = {
			isa = PBXGroup;
			children = (
				D040E652214C99C900A487F5 /* SearchEngine.app */,
				D040E664214C99CB00A487F5 /* SearchEngineTests.xctest */,
			);
			name = Products;
			sourceTree = "<group>";
		};
		D040E654214C99C900A487F5 /* SearchEngine */ = {
			isa = PBXGroup;
			children = (
				D040E655214C99C900A487F5 /* AppDelegate.swift */,
				D040E657214C99C900A487F5 /* ViewController.swift */,
				D040E659214C99CB00A487F5 /* Assets.xcassets */,
				D040E65B214C99CB00A487F5 /* Main.storyboard */,
				D040E65E214C99CB00A487F5 /* Info.plist */,
				D040E65F214C99CB00A487F5 /* SearchEngine.entitlements */,
			);
			path = SearchEngine;
			sourceTree = "<group>";
		};
		D040E667214C99CB00A487F5 /* SearchEngineTests */ = {
			isa = PBXGroup;
			children = (
				D040E668214C99CB00A487F5 /* SearchEngineTests.swift */,
				D040E66A214C99CB00A487F5 /* Info.plist */,
			);
			path = SearchEngineTests;
			sourceTree = "<group>";
		};
/* End PBXGroup section */

/* Begin PBXNativeTarget section */
		D040E651214C99C900A487F5 /* SearchEngine */ = {
			isa = PBXNativeTarget;
			buildConfigurationList = D040E66D214C99CB00A487F5 /* Build configuration list for PBXNativeTarget "SearchEngine" */;
			buildPhases = (
				D040E64E214C99C900A487F5 /* Sources */,
				D040E64F214C99C900A487F5 /* Frameworks */,
				D040E650214C99C900A487F5 /* Resources */,
			);
			buildRules = (
			);
			dependencies = (
			);
			name = SearchEngine;
			productName = SearchEngine;
			productReference = D040E652214C99C900A487F5 /* SearchEngine.app */;
			productType = "com.apple.product-type.application";
		};
		D040E663214C99CB00A487F5 /* SearchEngineTests */ = {
			isa = PBXNativeTarget;
			buildConfigurationList = D040E670214C99CB00A487F5 /* Build configuration list for PBXNativeTarget "SearchEngineTests" */;
			buildPhases = (
				D040E660214C99CB00A487F5 /* Sources */,
				D040E661214C99CB00A487F5 /* Frameworks */,
				D040E662214C99CB00A487F5 /* Resources */,
			);
			buildRules = (
			);
			dependencies = (
				D040E666214C99CB00A487F5 /* PBXTargetDependency */,
			);
			name = SearchEngineTests;
			productName = SearchEngineTests;
			productReference = D040E664214C99CB00A487F5 /* SearchEngineTests.xctest */;
			productType = "com.apple.product-type.bundle.unit-test";
		};
/* End PBXNativeTarget section */

/* Begin PBXProject section */
		D040E64A214C99C900A487F5 /* Project object */ = {
			isa = PBXProject;
			attributes = {
				LastSwiftUpdateCheck = 0940;
				LastUpgradeCheck = 0940;
				ORGANIZATIONNAME = "Oscar Götting";
				TargetAttributes = {
					D040E651214C99C900A487F5 = {
						CreatedOnToolsVersion = 9.4.1;
					};
					D040E663214C99CB00A487F5 = {
						CreatedOnToolsVersion = 9.4.1;
						TestTargetID = D040E651214C99C900A487F5;
					};
				};
			};
			buildConfigurationList = D040E64D214C99C900A487F5 /* Build configuration list for PBXProject "SearchEngine" */;
			compatibilityVersion = "Xcode 9.3";
			developmentRegion = en;
			hasScannedForEncodings = 0;
			knownRegions = (
				en,
				Base,
			);
			mainGroup = D040E649214C99C900A487F5;
			productRefGroup = D040E653214C99C900A487F5 /* Products */;
			projectDirPath = "";
			projectRoot = "";
			targets = (
				D040E651214C99C900A487F5 /* SearchEngine */,
				D040E663214C99CB00A487F5 /* SearchEngineTests */,
			);
		};
/* End PBXProject section */

/* Begin PBXResourcesBuildPhase section */
		D040E650214C99C900A487F5 /* Resources */ = {
			isa = PBXResourcesBuildPhase;
			buildActionMask = 2147483647;
			files = (
				D040E65A214C99CB00A487F5 /* Assets.xcassets in Resources */,
				D040E65D214C99CB00A487F5 /* Main.storyboard in Resources */,
			);
			runOnlyForDeploymentPostprocessing = 0;
		};
		D040E662214C99CB00A487F5 /* Resources */ = {
			isa = PBXResourcesBuildPhase;
			buildActionMask = 2147483647;
			files = (
			);
			runOnlyForDeploymentPostprocessing = 0;
		};
/* End PBXResourcesBuildPhase section */

/* Begin PBXSourcesBuildPhase section */
		D040E64E214C99C900A487F5 /* Sources */ = {
			isa = PBXSourcesBuildPhase;
			buildActionMask = 2147483647;
			files = (
				D040E658214C99C900A487F5 /* ViewController.swift in Sources */,
				D040E656214C99C900A487F5 /* AppDelegate.swift in Sources */,
			);
			runOnlyForDeploymentPostprocessing = 0;
		};
		D040E660214C99CB00A487F5 /* Sources */ = {
			isa = PBXSourcesBuildPhase;
			buildActionMask = 2147483647;
			files = (
				D040E669214C99CB00A487F5 /* SearchEngineTests.swift in Sources */,
			);
			runOnlyForDeploymentPostprocessing = 0;
		};
/* End PBXSourcesBuildPhase section */

/* Begin PBXTargetDependency section */
		D040E666214C99CB00A487F5 /* PBXTargetDependency */ = {
			isa = PBXTargetDependency;
			target = D040E651214C99C900A487F5 /* SearchEngine */;
			targetProxy = D040E665214C99CB00A487F5 /* PBXContainerItemProxy */;
		};
/* End PBXTargetDependency section */

/* Begin PBXVariantGroup section */
		D040E65B214C99CB00A487F5 /* Main.storyboard */ = {
			isa = PBXVariantGroup;
			children = (
				D040E65C214C99CB00A487F5 /* Base */,
			);
			name = Main.storyboard;
			sourceTree = "<group>";
		};
/* End PBXVariantGroup section */

/* Begin XCBuildConfiguration section */
		D040E66B214C99CB00A487F5 /* Debug */ = {
			isa = XCBuildConfiguration;
			buildSettings = {
				ALWAYS_SEARCH_USER_PATHS = NO;
				CLANG_ANALYZER_NONNULL = YES;
				CLANG_ANALYZER_NUMBER_OBJECT_CONVERSION = YES_AGGRESSIVE;
				CLANG_CXX_LANGUAGE_STANDARD = "gnu++14";
				CLANG_CXX_LIBRARY = "libc++";
				CLANG_ENABLE_MODULES = YES;
				CLANG_ENABLE_OBJC_ARC = YES;
				CLANG_ENABLE_OBJC_WEAK = YES;
				CLANG_WARN_BLOCK_CAPTURE_AUTORELEASING = YES;
				CLANG_WARN_BOOL_CONVERSION = YES;
				CLANG_WARN_COMMA = YES;
				CLANG_WARN_CONSTANT_CONVERSION = YES;
				CLANG_WARN_DEPRECATED_OBJC_IMPLEMENTATIONS = YES;
				CLANG_WARN_DIRECT_OBJC_ISA_USAGE = YES_ERROR;
				CLANG_WARN_DOCUMENTATION_COMMENTS = YES;
				CLANG_WARN_EMPTY_BODY = YES;
				CLANG_WARN_ENUM_CONVERSION = YES;
				CLANG_WARN_INFINITE_RECURSION = YES;
				CLANG_WARN_INT_CONVERSION = YES;
				CLANG_WARN_NON_LITERAL_NULL_CONVERSION = YES;
				CLANG_WARN_OBJC_IMPLICIT_RETAIN_SELF = YES;
				CLANG_WARN_OBJC_LITERAL_CONVERSION = YES;
				CLANG_WARN_OBJC_ROOT_CLASS = YES_ERROR;
				CLANG_WARN_RANGE_LOOP_ANALYSIS = YES;
				CLANG_WARN_STRICT_PROTOTYPES = YES;
				CLANG_WARN_SUSPICIOUS_MOVE = YES;
				CLANG_WARN_UNGUARDED_AVAILABILITY = YES_AGGRESSIVE;
				CLANG_WARN_UNREACHABLE_CODE = YES;
				CLANG_WARN__DUPLICATE_METHOD_MATCH = YES;
				CODE_SIGN_IDENTITY = "Mac Developer";
				COPY_PHASE_STRIP = NO;
				DEBUG_INFORMATION_FORMAT = dwarf;
				ENABLE_STRICT_OBJC_MSGSEND = YES;
				ENABLE_TESTABILITY = YES;
				GCC_C_LANGUAGE_STANDARD = gnu11;
				GCC_DYNAMIC_NO_PIC = NO;
				GCC_NO_COMMON_BLOCKS = YES;
				GCC_OPTIMIZATION_LEVEL = 0;
				GCC_PREPROCESSOR_DEFINITIONS = (
					"DEBUG=1",
					"$(inherited)",
				);
				GCC_WARN_64_TO_32_BIT_CONVERSION = YES;
				GCC_WARN_ABOUT_RETURN_TYPE = YES_ERROR;
				GCC_WARN_UNDECLARED_SELECTOR = YES;
				GCC_WARN_UNINITIALIZED_AUTOS = YES_AGGRESSIVE;
				GCC_WARN_UNUSED_FUNCTION = YES;
				GCC_WARN_UNUSED_VARIABLE = YES;
				MACOSX_DEPLOYMENT_TARGET = 10.14;
				MTL_ENABLE_DEBUG_INFO = YES;
				ONLY_ACTIVE_ARCH = YES;
				SDKROOT = macosx;
				SWIFT_ACTIVE_COMPILATION_CONDITIONS = DEBUG;
				SWIFT_OPTIMIZATION_LEVEL = "-Onone";
			};
			name = Debug;
		};
		D040E66C214C99CB00A487F5 /* Release */ = {
			isa = XCBuildConfiguration;
			buildSettings = {
				ALWAYS_SEARCH_USER_PATHS = NO;
				CLANG_ANALYZER_NONNULL = YES;
				CLANG_ANALYZER_NUMBER_OBJECT_CONVERSION = YES_AGGRESSIVE;
				CLANG_CXX_LANGUAGE_STANDARD = "gnu++14";
				CLANG_CXX_LIBRARY = "libc++";
				CLANG_ENABLE_MODULES = YES;
				CLANG_ENABLE_OBJC_ARC = YES;
				CLANG_ENABLE_OBJC_WEAK = YES;
				CLANG_WARN_BLOCK_CAPTURE_AUTORELEASING = YES;
				CLANG_WARN_BOOL_CONVERSION = YES;
				CLANG_WARN_COMMA = YES;
				CLANG_WARN_CONSTANT_CONVERSION = YES;
				CLANG_WARN_DEPRECATED_OBJC_IMPLEMENTATIONS = YES;
				CLANG_WARN_DIRECT_OBJC_ISA_USAGE = YES_ERROR;
				CLANG_WARN_DOCUMENTATION_COMMENTS = YES;
				CLANG_WARN_EMPTY_BODY = YES;
				CLANG_WARN_ENUM_CONVERSION = YES;
				CLANG_WARN_INFINITE_RECURSION = YES;
				CLANG_WARN_INT_CONVERSION = YES;
				CLANG_WARN_NON_LITERAL_NULL_CONVERSION = YES;
				CLANG_WARN_OBJC_IMPLICIT_RETAIN_SELF = YES;
				CLANG_WARN_OBJC_LITERAL_CONVERSION = YES;
				CLANG_WARN_OBJC_ROOT_CLASS = YES_ERROR;
				CLANG_WARN_RANGE_LOOP_ANALYSIS = YES;
				CLANG_WARN_STRICT_PROTOTYPES = YES;
				CLANG_WARN_SUSPICIOUS_MOVE = YES;
				CLANG_WARN_UNGUARDED_AVAILABILITY = YES_AGGRESSIVE;
				CLANG_WARN_UNREACHABLE_CODE = YES;
				CLANG_WARN__DUPLICATE_METHOD_MATCH = YES;
				CODE_SIGN_IDENTITY = "Mac Developer";
				COPY_PHASE_STRIP = NO;
				DEBUG_INFORMATION_FORMAT = "dwarf-with-dsym";
				ENABLE_NS_ASSERTIONS = NO;
				ENABLE_STRICT_OBJC_MSGSEND = YES;
				GCC_C_LANGUAGE_STANDARD = gnu11;
				GCC_NO_COMMON_BLOCKS = YES;
				GCC_WARN_64_TO_32_BIT_CONVERSION = YES;
				GCC_WARN_ABOUT_RETURN_TYPE = YES_ERROR;
				GCC_WARN_UNDECLARED_SELECTOR = YES;
				GCC_WARN_UNINITIALIZED_AUTOS = YES_AGGRESSIVE;
				GCC_WARN_UNUSED_FUNCTION = YES;
				GCC_WARN_UNUSED_VARIABLE = YES;
				MACOSX_DEPLOYMENT_TARGET = 10.14;
				MTL_ENABLE_DEBUG_INFO = NO;
				SDKROOT = macosx;
				SWIFT_COMPILATION_MODE = wholemodule;
				SWIFT_OPTIMIZATION_LEVEL = "-O";
			};
			name = Release;
		};
		D040E66E214C99CB00A487F5 /* Debug */ = {
			isa = XCBuildConfiguration;
			buildSettings = {
				ASSETCATALOG_COMPILER_APPICON_NAME = AppIcon;
				CODE_SIGN_ENTITLEMENTS = SearchEngine/SearchEngine.entitlements;
				CODE_SIGN_STYLE = Automatic;
				COMBINE_HIDPI_IMAGES = YES;
				DEVELOPMENT_TEAM = DBEPTECPFM;
				INFOPLIST_FILE = SearchEngine/Info.plist;
				LD_RUNPATH_SEARCH_PATHS = (
					"$(inherited)",
					"@executable_path/../Frameworks",
				);
				PRODUCT_BUNDLE_IDENTIFIER = com.frenchfalcon.SearchEngine;
				PRODUCT_NAME = "$(TARGET_NAME)";
				SWIFT_VERSION = 4.0;
			};
			name = Debug;
		};
		D040E66F214C99CB00A487F5 /* Release */ = {
			isa = XCBuildConfiguration;
			buildSettings = {
				ASSETCATALOG_COMPILER_APPICON_NAME = AppIcon;
				CODE_SIGN_ENTITLEMENTS = SearchEngine/SearchEngine.entitlements;
				CODE_SIGN_STYLE = Automatic;
				COMBINE_HIDPI_IMAGES = YES;
				DEVELOPMENT_TEAM = DBEPTECPFM;
				INFOPLIST_FILE = SearchEngine/Info.plist;
				LD_RUNPATH_SEARCH_PATHS = (
					"$(inherited)",
					"@executable_path/../Frameworks",
				);
				PRODUCT_BUNDLE_IDENTIFIER = com.frenchfalcon.SearchEngine;
				PRODUCT_NAME = "$(TARGET_NAME)";
				SWIFT_VERSION = 4.0;
			};
			name = Release;
		};
		D040E671214C99CB00A487F5 /* Debug */ = {
			isa = XCBuildConfiguration;
			buildSettings = {
				ALWAYS_EMBED_SWIFT_STANDARD_LIBRARIES = YES;
				BUNDLE_LOADER = "$(TEST_HOST)";
				CODE_SIGN_STYLE = Automatic;
				COMBINE_HIDPI_IMAGES = YES;
				DEVELOPMENT_TEAM = DBEPTECPFM;
				INFOPLIST_FILE = SearchEngineTests/Info.plist;
				LD_RUNPATH_SEARCH_PATHS = (
					"$(inherited)",
					"@executable_path/../Frameworks",
					"@loader_path/../Frameworks",
				);
				PRODUCT_BUNDLE_IDENTIFIER = com.frenchfalcon.SearchEngineTests;
				PRODUCT_NAME = "$(TARGET_NAME)";
				SWIFT_VERSION = 4.0;
				TEST_HOST = "$(BUILT_PRODUCTS_DIR)/SearchEngine.app/Contents/MacOS/SearchEngine";
			};
			name = Debug;
		};
		D040E672214C99CB00A487F5 /* Release */ = {
			isa = XCBuildConfiguration;
			buildSettings = {
				ALWAYS_EMBED_SWIFT_STANDARD_LIBRARIES = YES;
				BUNDLE_LOADER = "$(TEST_HOST)";
				CODE_SIGN_STYLE = Automatic;
				COMBINE_HIDPI_IMAGES = YES;
				DEVELOPMENT_TEAM = DBEPTECPFM;
				INFOPLIST_FILE = SearchEngineTests/Info.plist;
				LD_RUNPATH_SEARCH_PATHS = (
					"$(inherited)",
					"@executable_path/../Frameworks",
					"@loader_path/../Frameworks",
				);
				PRODUCT_BUNDLE_IDENTIFIER = com.frenchfalcon.SearchEngineTests;
				PRODUCT_NAME = "$(TARGET_NAME)";
				SWIFT_VERSION = 4.0;
				TEST_HOST = "$(BUILT_PRODUCTS_DIR)/SearchEngine.app/Contents/MacOS/SearchEngine";
			};
			name = Release;
		};
/* End XCBuildConfiguration section */

/* Begin XCConfigurationList section */
		D040E64D214C99C900A487F5 /* Build configuration list for PBXProject "SearchEngine" */ = {
			isa = XCConfigurationList;
			buildConfigurations = (
				D040E66B214C99CB00A487F5 /* Debug */,
				D040E66C214C99CB00A487F5 /* Release */,
			);
			defaultConfigurationIsVisible = 0;
			defaultConfigurationName = Release;
		};
		D040E66D214C99CB00A487F5 /* Build configuration list for PBXNativeTarget "SearchEngine" */ = {
			isa = XCConfigurationList;
			buildConfigurations = (
				D040E66E214C99CB00A487F5 /* Debug */,
				D040E66F214C99CB00A487F5 /* Release */,
			);
			defaultConfigurationIsVisible = 0;
			defaultConfigurationName = Release;
		};
		D040E670214C99CB00A487F5 /* Build configuration list for PBXNativeTarget "SearchEngineTests" */ = {
			isa = XCConfigurationList;
			buildConfigurations = (
				D040E671214C99CB00A487F5 /* Debug */,
				D040E672214C99CB00A487F5 /* Release */,
			);
			defaultConfigurationIsVisible = 0;
			defaultConfigurationName = Release;
		};
/* End XCConfigurationList section */
	};
	rootObject = D040E64A214C99C900A487F5 /* Project object */;
}
