// !$*UTF8*$!
{
	archiveVersion = 1;
	classes = {
	};
	objectVersion = 50;
	objects = {

/* Begin PBXBuildFile section */
		D040E656214C99C900A487F5 /* AppDelegate.swift in Sources */ = {isa = PBXBuildFile; fileRef = D040E655214C99C900A487F5 /* AppDelegate.swift */; };
		D040E658214C99C900A487F5 /* ViewController.swift in Sources */ = {isa = PBXBuildFile; fileRef = D040E657214C99C900A487F5 /* ViewController.swift */; };
		D040E65A214C99CB00A487F5 /* Assets.xcassets in Resources */ = {isa = PBXBuildFile; fileRef = D040E659214C99CB00A487F5 /* Assets.xcassets */; };
		D040E65D214C99CB00A487F5 /* Main.storyboard in Resources */ = {isa = PBXBuildFile; fileRef = D040E65B214C99CB00A487F5 /* Main.storyboard */; };
		D040E669214C99CB00A487F5 /* SearchEngineTests.swift in Sources */ = {isa = PBXBuildFile; fileRef = D040E668214C99CB00A487F5 /* SearchEngineTests.swift */; };
		D040E674214C9A0100A487F5 /* Posting.swift in Sources */ = {isa = PBXBuildFile; fileRef = D040E673214C9A0100A487F5 /* Posting.swift */; };
		D040E678214C9B1000A487F5 /* TokenProcessorProtocol.swift in Sources */ = {isa = PBXBuildFile; fileRef = D040E677214C9B1000A487F5 /* TokenProcessorProtocol.swift */; };
		D040E67B214C9B4B00A487F5 /* BasicTokenProcessor.swift in Sources */ = {isa = PBXBuildFile; fileRef = D040E67A214C9B4B00A487F5 /* BasicTokenProcessor.swift */; };
		D040E67D214C9BAA00A487F5 /* IndexProtocol.swift in Sources */ = {isa = PBXBuildFile; fileRef = D040E67C214C9BAA00A487F5 /* IndexProtocol.swift */; };
		D040E682214C9FD700A487F5 /* DocumentProtocol.swift in Sources */ = {isa = PBXBuildFile; fileRef = D040E681214C9FD700A487F5 /* DocumentProtocol.swift */; };
		D040E685214CA1FB00A487F5 /* StreamReader.swift in Sources */ = {isa = PBXBuildFile; fileRef = D040E684214CA1FB00A487F5 /* StreamReader.swift */; };
		D040E687214CA3D100A487F5 /* TextFileDocument.swift in Sources */ = {isa = PBXBuildFile; fileRef = D040E686214CA3D100A487F5 /* TextFileDocument.swift */; };
		D040E68A214CA55900A487F5 /* TokenStreamProtocol.swift in Sources */ = {isa = PBXBuildFile; fileRef = D040E689214CA55900A487F5 /* TokenStreamProtocol.swift */; };
		D040E68C214CA5CA00A487F5 /* EnglishTokenStream.swift in Sources */ = {isa = PBXBuildFile; fileRef = D040E68B214CA5CA00A487F5 /* EnglishTokenStream.swift */; };
		D040E68F214CA6C300A487F5 /* DocumentCorpusProtocol.swift in Sources */ = {isa = PBXBuildFile; fileRef = D040E68E214CA6C300A487F5 /* DocumentCorpusProtocol.swift */; };
		D040E691214CA72500A487F5 /* DirectoryCorpus.swift in Sources */ = {isa = PBXBuildFile; fileRef = D040E690214CA72500A487F5 /* DirectoryCorpus.swift */; };
		D040E693214CA93400A487F5 /* FileDocument.swift in Sources */ = {isa = PBXBuildFile; fileRef = D040E692214CA93400A487F5 /* FileDocument.swift */; };
		D040E695214CBC7700A487F5 /* DocumentFactoryProtocol.swift in Sources */ = {isa = PBXBuildFile; fileRef = D040E694214CBC7700A487F5 /* DocumentFactoryProtocol.swift */; };
		D04CDA5C21546864007B8CB2 /* PositionalInvertedIndex.swift in Sources */ = {isa = PBXBuildFile; fileRef = D04CDA5B21546864007B8CB2 /* PositionalInvertedIndex.swift */; };
		D04CDA5F21546C99007B8CB2 /* Engine.swift in Sources */ = {isa = PBXBuildFile; fileRef = D04CDA5E21546C99007B8CB2 /* Engine.swift */; };
		D04CDA6121546DA8007B8CB2 /* EngineDelegate.swift in Sources */ = {isa = PBXBuildFile; fileRef = D04CDA6021546DA8007B8CB2 /* EngineDelegate.swift */; };
		D0766BBA215AF0AD00F6A9B6 /* QueryResult.swift in Sources */ = {isa = PBXBuildFile; fileRef = D0766BB9215AF0AD00F6A9B6 /* QueryResult.swift */; };
		D0AD33692163EAE500139F76 /* KGramIndexProtocol.swift in Sources */ = {isa = PBXBuildFile; fileRef = D0AD33682163EAE500139F76 /* KGramIndexProtocol.swift */; };
		D0AD336D216441F700139F76 /* JsonFileDocument.swift in Sources */ = {isa = PBXBuildFile; fileRef = D0AD336C216441F700139F76 /* JsonFileDocument.swift */; };
		D0AD336F216475D700139F76 /* AdvancedTokenProcessor.swift in Sources */ = {isa = PBXBuildFile; fileRef = D0AD336E216475D700139F76 /* AdvancedTokenProcessor.swift */; };
		D0AD33722165529500139F76 /* MyFile.m in Sources */ = {isa = PBXBuildFile; fileRef = D0AD33712165529500139F76 /* MyFile.m */; };
		D0AD33922165606500139F76 /* stemming.c in Sources */ = {isa = PBXBuildFile; fileRef = D0AD33912165606500139F76 /* stemming.c */; };
		D0AD3394216560C500139F76 /* PorterStemmer.swift in Sources */ = {isa = PBXBuildFile; fileRef = D0AD3393216560C500139F76 /* PorterStemmer.swift */; };
		D0D158E6215F035100CE1376 /* KGramIndex.swift in Sources */ = {isa = PBXBuildFile; fileRef = D0D158E5215F035100CE1376 /* KGramIndex.swift */; };
		D0D158E82161932800CE1376 /* WildcardLiteral.swift in Sources */ = {isa = PBXBuildFile; fileRef = D0D158E72161932800CE1376 /* WildcardLiteral.swift */; };
		D0D158EA2161EFE700CE1376 /* FilePreviewController.swift in Sources */ = {isa = PBXBuildFile; fileRef = D0D158E92161EFE700CE1376 /* FilePreviewController.swift */; };
		D0FEDE42214F35DE0064B3D5 /* Queriable.swift in Sources */ = {isa = PBXBuildFile; fileRef = D0FEDE41214F35DE0064B3D5 /* Queriable.swift */; };
		D0FEDE44214F36140064B3D5 /* TermLiteral.swift in Sources */ = {isa = PBXBuildFile; fileRef = D0FEDE43214F36140064B3D5 /* TermLiteral.swift */; };
		D0FEDE46214F373E0064B3D5 /* OrQuery.swift in Sources */ = {isa = PBXBuildFile; fileRef = D0FEDE45214F373E0064B3D5 /* OrQuery.swift */; };
		D0FEDE48214F38740064B3D5 /* PhraseLiteral.swift in Sources */ = {isa = PBXBuildFile; fileRef = D0FEDE47214F38740064B3D5 /* PhraseLiteral.swift */; };
		D0FEDE4A214F3A020064B3D5 /* AndQuery.swift in Sources */ = {isa = PBXBuildFile; fileRef = D0FEDE49214F3A020064B3D5 /* AndQuery.swift */; };
		D0FEDE4E214F3ABB0064B3D5 /* BooleanQueryParser.swift in Sources */ = {isa = PBXBuildFile; fileRef = D0FEDE4D214F3ABB0064B3D5 /* BooleanQueryParser.swift */; };
		D0FEDE50214F3DBF0064B3D5 /* String+substring.swift in Sources */ = {isa = PBXBuildFile; fileRef = D0FEDE4F214F3DBF0064B3D5 /* String+substring.swift */; };
/* End PBXBuildFile section */

/* Begin PBXContainerItemProxy section */
		D040E665214C99CB00A487F5 /* PBXContainerItemProxy */ = {
			isa = PBXContainerItemProxy;
			containerPortal = D040E64A214C99C900A487F5 /* Project object */;
			proxyType = 1;
			remoteGlobalIDString = D040E651214C99C900A487F5;
			remoteInfo = SearchEngine;
		};
/* End PBXContainerItemProxy section */

/* Begin PBXFileReference section */
		D040E652214C99C900A487F5 /* SearchEngine.app */ = {isa = PBXFileReference; explicitFileType = wrapper.application; includeInIndex = 0; path = SearchEngine.app; sourceTree = BUILT_PRODUCTS_DIR; };
		D040E655214C99C900A487F5 /* AppDelegate.swift */ = {isa = PBXFileReference; lastKnownFileType = sourcecode.swift; path = AppDelegate.swift; sourceTree = "<group>"; };
		D040E657214C99C900A487F5 /* ViewController.swift */ = {isa = PBXFileReference; lastKnownFileType = sourcecode.swift; path = ViewController.swift; sourceTree = "<group>"; };
		D040E659214C99CB00A487F5 /* Assets.xcassets */ = {isa = PBXFileReference; lastKnownFileType = folder.assetcatalog; path = Assets.xcassets; sourceTree = "<group>"; };
		D040E65C214C99CB00A487F5 /* Base */ = {isa = PBXFileReference; lastKnownFileType = file.storyboard; name = Base; path = Base.lproj/Main.storyboard; sourceTree = "<group>"; };
		D040E65E214C99CB00A487F5 /* Info.plist */ = {isa = PBXFileReference; lastKnownFileType = text.plist.xml; path = Info.plist; sourceTree = "<group>"; };
		D040E65F214C99CB00A487F5 /* SearchEngine.entitlements */ = {isa = PBXFileReference; lastKnownFileType = text.plist.entitlements; path = SearchEngine.entitlements; sourceTree = "<group>"; };
		D040E664214C99CB00A487F5 /* SearchEngineTests.xctest */ = {isa = PBXFileReference; explicitFileType = wrapper.cfbundle; includeInIndex = 0; path = SearchEngineTests.xctest; sourceTree = BUILT_PRODUCTS_DIR; };
		D040E668214C99CB00A487F5 /* SearchEngineTests.swift */ = {isa = PBXFileReference; lastKnownFileType = sourcecode.swift; path = SearchEngineTests.swift; sourceTree = "<group>"; };
		D040E66A214C99CB00A487F5 /* Info.plist */ = {isa = PBXFileReference; lastKnownFileType = text.plist.xml; path = Info.plist; sourceTree = "<group>"; };
		D040E673214C9A0100A487F5 /* Posting.swift */ = {isa = PBXFileReference; lastKnownFileType = sourcecode.swift; path = Posting.swift; sourceTree = "<group>"; };
		D040E677214C9B1000A487F5 /* TokenProcessorProtocol.swift */ = {isa = PBXFileReference; lastKnownFileType = sourcecode.swift; path = TokenProcessorProtocol.swift; sourceTree = "<group>"; };
		D040E67A214C9B4B00A487F5 /* BasicTokenProcessor.swift */ = {isa = PBXFileReference; lastKnownFileType = sourcecode.swift; path = BasicTokenProcessor.swift; sourceTree = "<group>"; };
		D040E67C214C9BAA00A487F5 /* IndexProtocol.swift */ = {isa = PBXFileReference; lastKnownFileType = sourcecode.swift; path = IndexProtocol.swift; sourceTree = "<group>"; };
		D040E681214C9FD700A487F5 /* DocumentProtocol.swift */ = {isa = PBXFileReference; lastKnownFileType = sourcecode.swift; path = DocumentProtocol.swift; sourceTree = "<group>"; };
		D040E684214CA1FB00A487F5 /* StreamReader.swift */ = {isa = PBXFileReference; lastKnownFileType = sourcecode.swift; path = StreamReader.swift; sourceTree = "<group>"; };
		D040E686214CA3D100A487F5 /* TextFileDocument.swift */ = {isa = PBXFileReference; lastKnownFileType = sourcecode.swift; path = TextFileDocument.swift; sourceTree = "<group>"; };
		D040E689214CA55900A487F5 /* TokenStreamProtocol.swift */ = {isa = PBXFileReference; lastKnownFileType = sourcecode.swift; path = TokenStreamProtocol.swift; sourceTree = "<group>"; };
		D040E68B214CA5CA00A487F5 /* EnglishTokenStream.swift */ = {isa = PBXFileReference; lastKnownFileType = sourcecode.swift; path = EnglishTokenStream.swift; sourceTree = "<group>"; };
		D040E68E214CA6C300A487F5 /* DocumentCorpusProtocol.swift */ = {isa = PBXFileReference; lastKnownFileType = sourcecode.swift; path = DocumentCorpusProtocol.swift; sourceTree = "<group>"; };
		D040E690214CA72500A487F5 /* DirectoryCorpus.swift */ = {isa = PBXFileReference; lastKnownFileType = sourcecode.swift; path = DirectoryCorpus.swift; sourceTree = "<group>"; };
		D040E692214CA93400A487F5 /* FileDocument.swift */ = {isa = PBXFileReference; lastKnownFileType = sourcecode.swift; path = FileDocument.swift; sourceTree = "<group>"; };
		D040E694214CBC7700A487F5 /* DocumentFactoryProtocol.swift */ = {isa = PBXFileReference; lastKnownFileType = sourcecode.swift; path = DocumentFactoryProtocol.swift; sourceTree = "<group>"; };
		D04CDA5B21546864007B8CB2 /* PositionalInvertedIndex.swift */ = {isa = PBXFileReference; lastKnownFileType = sourcecode.swift; path = PositionalInvertedIndex.swift; sourceTree = "<group>"; };
		D04CDA5E21546C99007B8CB2 /* Engine.swift */ = {isa = PBXFileReference; lastKnownFileType = sourcecode.swift; path = Engine.swift; sourceTree = "<group>"; };
		D04CDA6021546DA8007B8CB2 /* EngineDelegate.swift */ = {isa = PBXFileReference; lastKnownFileType = sourcecode.swift; path = EngineDelegate.swift; sourceTree = "<group>"; };
		D0766BB9215AF0AD00F6A9B6 /* QueryResult.swift */ = {isa = PBXFileReference; lastKnownFileType = sourcecode.swift; path = QueryResult.swift; sourceTree = "<group>"; };
		D0AD33682163EAE500139F76 /* KGramIndexProtocol.swift */ = {isa = PBXFileReference; lastKnownFileType = sourcecode.swift; path = KGramIndexProtocol.swift; sourceTree = "<group>"; };
		D0AD336C216441F700139F76 /* JsonFileDocument.swift */ = {isa = PBXFileReference; lastKnownFileType = sourcecode.swift; path = JsonFileDocument.swift; sourceTree = "<group>"; };
		D0AD336E216475D700139F76 /* AdvancedTokenProcessor.swift */ = {isa = PBXFileReference; lastKnownFileType = sourcecode.swift; path = AdvancedTokenProcessor.swift; sourceTree = "<group>"; };
		D0AD33702165529500139F76 /* SearchEngine-Bridging-Header.h */ = {isa = PBXFileReference; lastKnownFileType = sourcecode.c.h; path = "SearchEngine-Bridging-Header.h"; sourceTree = "<group>"; };
		D0AD33712165529500139F76 /* MyFile.m */ = {isa = PBXFileReference; lastKnownFileType = sourcecode.c.objc; name = MyFile.m; path = SearchEngine/Engine/MyFile.m; sourceTree = "<group>"; };
		D0AD33902165605200139F76 /* stemming.h */ = {isa = PBXFileReference; fileEncoding = 4; lastKnownFileType = sourcecode.c.h; path = stemming.h; sourceTree = "<group>"; };
		D0AD33912165606500139F76 /* stemming.c */ = {isa = PBXFileReference; fileEncoding = 4; lastKnownFileType = sourcecode.c.c; path = stemming.c; sourceTree = "<group>"; };
		D0AD3393216560C500139F76 /* PorterStemmer.swift */ = {isa = PBXFileReference; fileEncoding = 4; lastKnownFileType = sourcecode.swift; path = PorterStemmer.swift; sourceTree = "<group>"; };
		D0D158E5215F035100CE1376 /* KGramIndex.swift */ = {isa = PBXFileReference; lastKnownFileType = sourcecode.swift; path = KGramIndex.swift; sourceTree = "<group>"; };
		D0D158E72161932800CE1376 /* WildcardLiteral.swift */ = {isa = PBXFileReference; lastKnownFileType = sourcecode.swift; path = WildcardLiteral.swift; sourceTree = "<group>"; };
		D0D158E92161EFE700CE1376 /* FilePreviewController.swift */ = {isa = PBXFileReference; lastKnownFileType = sourcecode.swift; path = FilePreviewController.swift; sourceTree = "<group>"; };
		D0FEDE41214F35DE0064B3D5 /* Queriable.swift */ = {isa = PBXFileReference; lastKnownFileType = sourcecode.swift; path = Queriable.swift; sourceTree = "<group>"; };
		D0FEDE43214F36140064B3D5 /* TermLiteral.swift */ = {isa = PBXFileReference; lastKnownFileType = sourcecode.swift; path = TermLiteral.swift; sourceTree = "<group>"; };
		D0FEDE45214F373E0064B3D5 /* OrQuery.swift */ = {isa = PBXFileReference; lastKnownFileType = sourcecode.swift; path = OrQuery.swift; sourceTree = "<group>"; };
		D0FEDE47214F38740064B3D5 /* PhraseLiteral.swift */ = {isa = PBXFileReference; lastKnownFileType = sourcecode.swift; path = PhraseLiteral.swift; sourceTree = "<group>"; };
		D0FEDE49214F3A020064B3D5 /* AndQuery.swift */ = {isa = PBXFileReference; lastKnownFileType = sourcecode.swift; path = AndQuery.swift; sourceTree = "<group>"; };
		D0FEDE4D214F3ABB0064B3D5 /* BooleanQueryParser.swift */ = {isa = PBXFileReference; lastKnownFileType = sourcecode.swift; path = BooleanQueryParser.swift; sourceTree = "<group>"; };
		D0FEDE4F214F3DBF0064B3D5 /* String+substring.swift */ = {isa = PBXFileReference; lastKnownFileType = sourcecode.swift; path = "String+substring.swift"; sourceTree = "<group>"; };
/* End PBXFileReference section */

/* Begin PBXFrameworksBuildPhase section */
		D040E64F214C99C900A487F5 /* Frameworks */ = {
			isa = PBXFrameworksBuildPhase;
			buildActionMask = 2147483647;
			files = (
			);
			runOnlyForDeploymentPostprocessing = 0;
		};
		D040E661214C99CB00A487F5 /* Frameworks */ = {
			isa = PBXFrameworksBuildPhase;
			buildActionMask = 2147483647;
			files = (
			);
			runOnlyForDeploymentPostprocessing = 0;
		};
/* End PBXFrameworksBuildPhase section */

/* Begin PBXGroup section */
		D040E649214C99C900A487F5 = {
			isa = PBXGroup;
			children = (
				D0AD33712165529500139F76 /* MyFile.m */,
				D040E654214C99C900A487F5 /* SearchEngine */,
				D040E667214C99CB00A487F5 /* SearchEngineTests */,
				D040E653214C99C900A487F5 /* Products */,
				D0AD33702165529500139F76 /* SearchEngine-Bridging-Header.h */,
			);
			sourceTree = "<group>";
		};
		D040E653214C99C900A487F5 /* Products */ = {
			isa = PBXGroup;
			children = (
				D040E652214C99C900A487F5 /* SearchEngine.app */,
				D040E664214C99CB00A487F5 /* SearchEngineTests.xctest */,
			);
			name = Products;
			sourceTree = "<group>";
		};
		D040E654214C99C900A487F5 /* SearchEngine */ = {
			isa = PBXGroup;
			children = (
				D0AD338F2165603C00139F76 /* Stemmer */,
				D0766BBC215C303F00F6A9B6 /* Controllers */,
				D04CDA5D21546C90007B8CB2 /* Engine */,
				D040E655214C99C900A487F5 /* AppDelegate.swift */,
				D040E659214C99CB00A487F5 /* Assets.xcassets */,
				D040E65B214C99CB00A487F5 /* Main.storyboard */,
				D040E65E214C99CB00A487F5 /* Info.plist */,
				D040E65F214C99CB00A487F5 /* SearchEngine.entitlements */,
			);
			path = SearchEngine;
			sourceTree = "<group>";
		};
		D040E667214C99CB00A487F5 /* SearchEngineTests */ = {
			isa = PBXGroup;
			children = (
				D040E668214C99CB00A487F5 /* SearchEngineTests.swift */,
				D040E66A214C99CB00A487F5 /* Info.plist */,
			);
			path = SearchEngineTests;
			sourceTree = "<group>";
		};
		D040E675214C9A5500A487F5 /* Posting */ = {
			isa = PBXGroup;
			children = (
				D040E673214C9A0100A487F5 /* Posting.swift */,
			);
			path = Posting;
			sourceTree = "<group>";
		};
		D040E676214C9A5900A487F5 /* Index */ = {
			isa = PBXGroup;
			children = (
				D040E67C214C9BAA00A487F5 /* IndexProtocol.swift */,
				D04CDA5B21546864007B8CB2 /* PositionalInvertedIndex.swift */,
			);
			path = Index;
			sourceTree = "<group>";
		};
		D040E679214C9B3E00A487F5 /* Token */ = {
			isa = PBXGroup;
			children = (
				D040E677214C9B1000A487F5 /* TokenProcessorProtocol.swift */,
				D040E67A214C9B4B00A487F5 /* BasicTokenProcessor.swift */,
				D0AD336E216475D700139F76 /* AdvancedTokenProcessor.swift */,
			);
			path = Token;
			sourceTree = "<group>";
		};
		D040E680214C9FCA00A487F5 /* Document */ = {
			isa = PBXGroup;
			children = (
				D0AD336B216440D400139F76 /* JSONType */,
				D0AD336A216440C700139F76 /* TextType */,
				D0957DC2214DB4810096EFA4 /* DocumentFactory */,
				D040E681214C9FD700A487F5 /* DocumentProtocol.swift */,
				D040E692214CA93400A487F5 /* FileDocument.swift */,
			);
			path = Document;
			sourceTree = "<group>";
		};
		D040E683214CA1EA00A487F5 /* StreamReader */ = {
			isa = PBXGroup;
			children = (
				D040E684214CA1FB00A487F5 /* StreamReader.swift */,
			);
			path = StreamReader;
			sourceTree = "<group>";
		};
		D040E688214CA54500A487F5 /* TokenStream */ = {
			isa = PBXGroup;
			children = (
				D040E689214CA55900A487F5 /* TokenStreamProtocol.swift */,
				D040E68B214CA5CA00A487F5 /* EnglishTokenStream.swift */,
			);
			path = TokenStream;
			sourceTree = "<group>";
		};
		D040E68D214CA6B100A487F5 /* DocumentCorpus */ = {
			isa = PBXGroup;
			children = (
				D040E68E214CA6C300A487F5 /* DocumentCorpusProtocol.swift */,
				D040E690214CA72500A487F5 /* DirectoryCorpus.swift */,
			);
			path = DocumentCorpus;
			sourceTree = "<group>";
		};
		D04CDA5D21546C90007B8CB2 /* Engine */ = {
			isa = PBXGroup;
			children = (
				D04CDA5E21546C99007B8CB2 /* Engine.swift */,
				D04CDA6021546DA8007B8CB2 /* EngineDelegate.swift */,
				D0766BB8215AF08200F6A9B6 /* Result */,
				D0FEDE40214F35B60064B3D5 /* Query */,
				D0957DC3214DC4600096EFA4 /* Extensions */,
				D040E68D214CA6B100A487F5 /* DocumentCorpus */,
				D040E688214CA54500A487F5 /* TokenStream */,
				D040E683214CA1EA00A487F5 /* StreamReader */,
				D040E680214C9FCA00A487F5 /* Document */,
				D040E679214C9B3E00A487F5 /* Token */,
				D040E676214C9A5900A487F5 /* Index */,
				D0D158E4215F031900CE1376 /* Gram */,
				D040E675214C9A5500A487F5 /* Posting */,
			);
			path = Engine;
			sourceTree = "<group>";
		};
		D0766BB8215AF08200F6A9B6 /* Result */ = {
			isa = PBXGroup;
			children = (
				D0766BB9215AF0AD00F6A9B6 /* QueryResult.swift */,
			);
			path = Result;
			sourceTree = "<group>";
		};
		D0766BBB215B132200F6A9B6 /* Literals */ = {
			isa = PBXGroup;
			children = (
				D0FEDE43214F36140064B3D5 /* TermLiteral.swift */,
				D0FEDE47214F38740064B3D5 /* PhraseLiteral.swift */,
				D0D158E72161932800CE1376 /* WildcardLiteral.swift */,
			);
			path = Literals;
			sourceTree = "<group>";
		};
		D0766BBC215C303F00F6A9B6 /* Controllers */ = {
			isa = PBXGroup;
			children = (
				D040E657214C99C900A487F5 /* ViewController.swift */,
				D0D158E92161EFE700CE1376 /* FilePreviewController.swift */,
			);
			path = Controllers;
			sourceTree = "<group>";
		};
		D0957DC2214DB4810096EFA4 /* DocumentFactory */ = {
			isa = PBXGroup;
			children = (
				D040E694214CBC7700A487F5 /* DocumentFactoryProtocol.swift */,
			);
			path = DocumentFactory;
			sourceTree = "<group>";
		};
		D0957DC3214DC4600096EFA4 /* Extensions */ = {
			isa = PBXGroup;
			children = (
				D0FEDE4F214F3DBF0064B3D5 /* String+substring.swift */,
			);
			path = Extensions;
			sourceTree = "<group>";
		};
		D0AD336A216440C700139F76 /* TextType */ = {
			isa = PBXGroup;
			children = (
				D040E686214CA3D100A487F5 /* TextFileDocument.swift */,
			);
			path = TextType;
			sourceTree = "<group>";
		};
		D0AD336B216440D400139F76 /* JSONType */ = {
			isa = PBXGroup;
			children = (
				D0AD336C216441F700139F76 /* JsonFileDocument.swift */,
			);
			path = JSONType;
			sourceTree = "<group>";
		};
		D0AD338F2165603C00139F76 /* Stemmer */ = {
			isa = PBXGroup;
			children = (
				D0AD3393216560C500139F76 /* PorterStemmer.swift */,
				D0AD33912165606500139F76 /* stemming.c */,
				D0AD33902165605200139F76 /* stemming.h */,
			);
			path = Stemmer;
			sourceTree = "<group>";
		};
		D0D158E4215F031900CE1376 /* Gram */ = {
			isa = PBXGroup;
			children = (
				D0D158E5215F035100CE1376 /* KGramIndex.swift */,
				D0AD33682163EAE500139F76 /* KGramIndexProtocol.swift */,
			);
			path = Gram;
			sourceTree = "<group>";
		};
		D0FEDE40214F35B60064B3D5 /* Query */ = {
			isa = PBXGroup;
			children = (
				D0FEDE41214F35DE0064B3D5 /* Queriable.swift */,
				D0FEDE4C214F3AAD0064B3D5 /* Parser */,
				D0766BBB215B132200F6A9B6 /* Literals */,
				D0FEDE4B214F3A720064B3D5 /* Subqueries */,
			);
			path = Query;
			sourceTree = "<group>";
		};
		D0FEDE4B214F3A720064B3D5 /* Subqueries */ = {
			isa = PBXGroup;
			children = (
				D0FEDE49214F3A020064B3D5 /* AndQuery.swift */,
				D0FEDE45214F373E0064B3D5 /* OrQuery.swift */,
			);
			path = Subqueries;
			sourceTree = "<group>";
		};
		D0FEDE4C214F3AAD0064B3D5 /* Parser */ = {
			isa = PBXGroup;
			children = (
				D0FEDE4D214F3ABB0064B3D5 /* BooleanQueryParser.swift */,
			);
			path = Parser;
			sourceTree = "<group>";
		};
/* End PBXGroup section */

/* Begin PBXNativeTarget section */
		D040E651214C99C900A487F5 /* SearchEngine */ = {
			isa = PBXNativeTarget;
			buildConfigurationList = D040E66D214C99CB00A487F5 /* Build configuration list for PBXNativeTarget "SearchEngine" */;
			buildPhases = (
				D040E64E214C99C900A487F5 /* Sources */,
				D040E64F214C99C900A487F5 /* Frameworks */,
				D040E650214C99C900A487F5 /* Resources */,
			);
			buildRules = (
			);
			dependencies = (
			);
			name = SearchEngine;
			productName = SearchEngine;
			productReference = D040E652214C99C900A487F5 /* SearchEngine.app */;
			productType = "com.apple.product-type.application";
		};
		D040E663214C99CB00A487F5 /* SearchEngineTests */ = {
			isa = PBXNativeTarget;
			buildConfigurationList = D040E670214C99CB00A487F5 /* Build configuration list for PBXNativeTarget "SearchEngineTests" */;
			buildPhases = (
				D040E660214C99CB00A487F5 /* Sources */,
				D040E661214C99CB00A487F5 /* Frameworks */,
				D040E662214C99CB00A487F5 /* Resources */,
			);
			buildRules = (
			);
			dependencies = (
				D040E666214C99CB00A487F5 /* PBXTargetDependency */,
			);
			name = SearchEngineTests;
			productName = SearchEngineTests;
			productReference = D040E664214C99CB00A487F5 /* SearchEngineTests.xctest */;
			productType = "com.apple.product-type.bundle.unit-test";
		};
/* End PBXNativeTarget section */

/* Begin PBXProject section */
		D040E64A214C99C900A487F5 /* Project object */ = {
			isa = PBXProject;
			attributes = {
				LastSwiftUpdateCheck = 0940;
				LastUpgradeCheck = 0940;
				ORGANIZATIONNAME = "Oscar Götting";
				TargetAttributes = {
					D040E651214C99C900A487F5 = {
						CreatedOnToolsVersion = 9.4.1;
						LastSwiftMigration = 1000;
					};
					D040E663214C99CB00A487F5 = {
						CreatedOnToolsVersion = 9.4.1;
						LastSwiftMigration = 1000;
						TestTargetID = D040E651214C99C900A487F5;
					};
				};
			};
			buildConfigurationList = D040E64D214C99C900A487F5 /* Build configuration list for PBXProject "SearchEngine" */;
			compatibilityVersion = "Xcode 9.3";
			developmentRegion = en;
			hasScannedForEncodings = 0;
			knownRegions = (
				en,
				Base,
			);
			mainGroup = D040E649214C99C900A487F5;
			productRefGroup = D040E653214C99C900A487F5 /* Products */;
			projectDirPath = "";
			projectRoot = "";
			targets = (
				D040E651214C99C900A487F5 /* SearchEngine */,
				D040E663214C99CB00A487F5 /* SearchEngineTests */,
			);
		};
/* End PBXProject section */

/* Begin PBXResourcesBuildPhase section */
		D040E650214C99C900A487F5 /* Resources */ = {
			isa = PBXResourcesBuildPhase;
			buildActionMask = 2147483647;
			files = (
				D040E65A214C99CB00A487F5 /* Assets.xcassets in Resources */,
				D040E65D214C99CB00A487F5 /* Main.storyboard in Resources */,
			);
			runOnlyForDeploymentPostprocessing = 0;
		};
		D040E662214C99CB00A487F5 /* Resources */ = {
			isa = PBXResourcesBuildPhase;
			buildActionMask = 2147483647;
			files = (
			);
			runOnlyForDeploymentPostprocessing = 0;
		};
/* End PBXResourcesBuildPhase section */

/* Begin PBXSourcesBuildPhase section */
		D040E64E214C99C900A487F5 /* Sources */ = {
			isa = PBXSourcesBuildPhase;
			buildActionMask = 2147483647;
			files = (
				D0766BBA215AF0AD00F6A9B6 /* QueryResult.swift in Sources */,
				D0FEDE42214F35DE0064B3D5 /* Queriable.swift in Sources */,
				D04CDA5F21546C99007B8CB2 /* Engine.swift in Sources */,
				D0FEDE4E214F3ABB0064B3D5 /* BooleanQueryParser.swift in Sources */,
				D0D158EA2161EFE700CE1376 /* FilePreviewController.swift in Sources */,
				D04CDA6121546DA8007B8CB2 /* EngineDelegate.swift in Sources */,
				D040E68F214CA6C300A487F5 /* DocumentCorpusProtocol.swift in Sources */,
				D040E658214C99C900A487F5 /* ViewController.swift in Sources */,
				D040E67B214C9B4B00A487F5 /* BasicTokenProcessor.swift in Sources */,
				D0AD336D216441F700139F76 /* JsonFileDocument.swift in Sources */,
				D040E682214C9FD700A487F5 /* DocumentProtocol.swift in Sources */,
				D040E687214CA3D100A487F5 /* TextFileDocument.swift in Sources */,
				D0AD3394216560C500139F76 /* PorterStemmer.swift in Sources */,
				D0AD33722165529500139F76 /* MyFile.m in Sources */,
				D040E685214CA1FB00A487F5 /* StreamReader.swift in Sources */,
				D040E67D214C9BAA00A487F5 /* IndexProtocol.swift in Sources */,
				D0D158E6215F035100CE1376 /* KGramIndex.swift in Sources */,
				D04CDA5C21546864007B8CB2 /* PositionalInvertedIndex.swift in Sources */,
				D040E695214CBC7700A487F5 /* DocumentFactoryProtocol.swift in Sources */,
				D0AD336F216475D700139F76 /* AdvancedTokenProcessor.swift in Sources */,
				D0FEDE44214F36140064B3D5 /* TermLiteral.swift in Sources */,
				D0FEDE48214F38740064B3D5 /* PhraseLiteral.swift in Sources */,
				D0AD33692163EAE500139F76 /* KGramIndexProtocol.swift in Sources */,
				D0FEDE46214F373E0064B3D5 /* OrQuery.swift in Sources */,
				D0D158E82161932800CE1376 /* WildcardLiteral.swift in Sources */,
				D040E656214C99C900A487F5 /* AppDelegate.swift in Sources */,
				D0AD33922165606500139F76 /* stemming.c in Sources */,
				D040E691214CA72500A487F5 /* DirectoryCorpus.swift in Sources */,
				D040E678214C9B1000A487F5 /* TokenProcessorProtocol.swift in Sources */,
				D040E693214CA93400A487F5 /* FileDocument.swift in Sources */,
				D040E68A214CA55900A487F5 /* TokenStreamProtocol.swift in Sources */,
				D0FEDE50214F3DBF0064B3D5 /* String+substring.swift in Sources */,
				D040E68C214CA5CA00A487F5 /* EnglishTokenStream.swift in Sources */,
				D0FEDE4A214F3A020064B3D5 /* AndQuery.swift in Sources */,
				D040E674214C9A0100A487F5 /* Posting.swift in Sources */,
			);
			runOnlyForDeploymentPostprocessing = 0;
		};
		D040E660214C99CB00A487F5 /* Sources */ = {
			isa = PBXSourcesBuildPhase;
			buildActionMask = 2147483647;
			files = (
				D040E669214C99CB00A487F5 /* SearchEngineTests.swift in Sources */,
			);
			runOnlyForDeploymentPostprocessing = 0;
		};
/* End PBXSourcesBuildPhase section */

/* Begin PBXTargetDependency section */
		D040E666214C99CB00A487F5 /* PBXTargetDependency */ = {
			isa = PBXTargetDependency;
			target = D040E651214C99C900A487F5 /* SearchEngine */;
			targetProxy = D040E665214C99CB00A487F5 /* PBXContainerItemProxy */;
		};
/* End PBXTargetDependency section */

/* Begin PBXVariantGroup section */
		D040E65B214C99CB00A487F5 /* Main.storyboard */ = {
			isa = PBXVariantGroup;
			children = (
				D040E65C214C99CB00A487F5 /* Base */,
			);
			name = Main.storyboard;
			sourceTree = "<group>";
		};
/* End PBXVariantGroup section */

/* Begin XCBuildConfiguration section */
		D040E66B214C99CB00A487F5 /* Debug */ = {
			isa = XCBuildConfiguration;
			buildSettings = {
				ALWAYS_SEARCH_USER_PATHS = NO;
				CLANG_ANALYZER_NONNULL = YES;
				CLANG_ANALYZER_NUMBER_OBJECT_CONVERSION = YES_AGGRESSIVE;
				CLANG_CXX_LANGUAGE_STANDARD = "gnu++14";
				CLANG_CXX_LIBRARY = "libc++";
				CLANG_ENABLE_MODULES = YES;
				CLANG_ENABLE_OBJC_ARC = YES;
				CLANG_ENABLE_OBJC_WEAK = YES;
				CLANG_WARN_BLOCK_CAPTURE_AUTORELEASING = YES;
				CLANG_WARN_BOOL_CONVERSION = YES;
				CLANG_WARN_COMMA = YES;
				CLANG_WARN_CONSTANT_CONVERSION = YES;
				CLANG_WARN_DEPRECATED_OBJC_IMPLEMENTATIONS = YES;
				CLANG_WARN_DIRECT_OBJC_ISA_USAGE = YES_ERROR;
				CLANG_WARN_DOCUMENTATION_COMMENTS = YES;
				CLANG_WARN_EMPTY_BODY = YES;
				CLANG_WARN_ENUM_CONVERSION = YES;
				CLANG_WARN_INFINITE_RECURSION = YES;
				CLANG_WARN_INT_CONVERSION = YES;
				CLANG_WARN_NON_LITERAL_NULL_CONVERSION = YES;
				CLANG_WARN_OBJC_IMPLICIT_RETAIN_SELF = YES;
				CLANG_WARN_OBJC_LITERAL_CONVERSION = YES;
				CLANG_WARN_OBJC_ROOT_CLASS = YES_ERROR;
				CLANG_WARN_RANGE_LOOP_ANALYSIS = YES;
				CLANG_WARN_STRICT_PROTOTYPES = YES;
				CLANG_WARN_SUSPICIOUS_MOVE = YES;
				CLANG_WARN_UNGUARDED_AVAILABILITY = YES_AGGRESSIVE;
				CLANG_WARN_UNREACHABLE_CODE = YES;
				CLANG_WARN__DUPLICATE_METHOD_MATCH = YES;
				CODE_SIGN_IDENTITY = "Mac Developer";
				COPY_PHASE_STRIP = NO;
				DEBUG_INFORMATION_FORMAT = dwarf;
				ENABLE_STRICT_OBJC_MSGSEND = YES;
				ENABLE_TESTABILITY = YES;
				GCC_C_LANGUAGE_STANDARD = gnu11;
				GCC_DYNAMIC_NO_PIC = NO;
				GCC_NO_COMMON_BLOCKS = YES;
				GCC_OPTIMIZATION_LEVEL = 0;
				GCC_PREPROCESSOR_DEFINITIONS = (
					"DEBUG=1",
					"$(inherited)",
				);
				GCC_WARN_64_TO_32_BIT_CONVERSION = YES;
				GCC_WARN_ABOUT_RETURN_TYPE = YES_ERROR;
				GCC_WARN_UNDECLARED_SELECTOR = YES;
				GCC_WARN_UNINITIALIZED_AUTOS = YES_AGGRESSIVE;
				GCC_WARN_UNUSED_FUNCTION = YES;
				GCC_WARN_UNUSED_VARIABLE = YES;
				MACOSX_DEPLOYMENT_TARGET = 10.14;
				MTL_ENABLE_DEBUG_INFO = YES;
				ONLY_ACTIVE_ARCH = YES;
				SDKROOT = macosx;
				SWIFT_ACTIVE_COMPILATION_CONDITIONS = DEBUG;
				SWIFT_OPTIMIZATION_LEVEL = "-Onone";
			};
			name = Debug;
		};
		D040E66C214C99CB00A487F5 /* Release */ = {
			isa = XCBuildConfiguration;
			buildSettings = {
				ALWAYS_SEARCH_USER_PATHS = NO;
				CLANG_ANALYZER_NONNULL = YES;
				CLANG_ANALYZER_NUMBER_OBJECT_CONVERSION = YES_AGGRESSIVE;
				CLANG_CXX_LANGUAGE_STANDARD = "gnu++14";
				CLANG_CXX_LIBRARY = "libc++";
				CLANG_ENABLE_MODULES = YES;
				CLANG_ENABLE_OBJC_ARC = YES;
				CLANG_ENABLE_OBJC_WEAK = YES;
				CLANG_WARN_BLOCK_CAPTURE_AUTORELEASING = YES;
				CLANG_WARN_BOOL_CONVERSION = YES;
				CLANG_WARN_COMMA = YES;
				CLANG_WARN_CONSTANT_CONVERSION = YES;
				CLANG_WARN_DEPRECATED_OBJC_IMPLEMENTATIONS = YES;
				CLANG_WARN_DIRECT_OBJC_ISA_USAGE = YES_ERROR;
				CLANG_WARN_DOCUMENTATION_COMMENTS = YES;
				CLANG_WARN_EMPTY_BODY = YES;
				CLANG_WARN_ENUM_CONVERSION = YES;
				CLANG_WARN_INFINITE_RECURSION = YES;
				CLANG_WARN_INT_CONVERSION = YES;
				CLANG_WARN_NON_LITERAL_NULL_CONVERSION = YES;
				CLANG_WARN_OBJC_IMPLICIT_RETAIN_SELF = YES;
				CLANG_WARN_OBJC_LITERAL_CONVERSION = YES;
				CLANG_WARN_OBJC_ROOT_CLASS = YES_ERROR;
				CLANG_WARN_RANGE_LOOP_ANALYSIS = YES;
				CLANG_WARN_STRICT_PROTOTYPES = YES;
				CLANG_WARN_SUSPICIOUS_MOVE = YES;
				CLANG_WARN_UNGUARDED_AVAILABILITY = YES_AGGRESSIVE;
				CLANG_WARN_UNREACHABLE_CODE = YES;
				CLANG_WARN__DUPLICATE_METHOD_MATCH = YES;
				CODE_SIGN_IDENTITY = "Mac Developer";
				COPY_PHASE_STRIP = NO;
				DEBUG_INFORMATION_FORMAT = "dwarf-with-dsym";
				ENABLE_NS_ASSERTIONS = NO;
				ENABLE_STRICT_OBJC_MSGSEND = YES;
				GCC_C_LANGUAGE_STANDARD = gnu11;
				GCC_NO_COMMON_BLOCKS = YES;
				GCC_WARN_64_TO_32_BIT_CONVERSION = YES;
				GCC_WARN_ABOUT_RETURN_TYPE = YES_ERROR;
				GCC_WARN_UNDECLARED_SELECTOR = YES;
				GCC_WARN_UNINITIALIZED_AUTOS = YES_AGGRESSIVE;
				GCC_WARN_UNUSED_FUNCTION = YES;
				GCC_WARN_UNUSED_VARIABLE = YES;
				MACOSX_DEPLOYMENT_TARGET = 10.14;
				MTL_ENABLE_DEBUG_INFO = NO;
				SDKROOT = macosx;
				SWIFT_COMPILATION_MODE = wholemodule;
				SWIFT_OPTIMIZATION_LEVEL = "-O";
			};
			name = Release;
		};
		D040E66E214C99CB00A487F5 /* Debug */ = {
			isa = XCBuildConfiguration;
			buildSettings = {
				ASSETCATALOG_COMPILER_APPICON_NAME = AppIcon;
				CLANG_ENABLE_MODULES = YES;
				CODE_SIGN_ENTITLEMENTS = SearchEngine/SearchEngine.entitlements;
				CODE_SIGN_STYLE = Automatic;
				COMBINE_HIDPI_IMAGES = YES;
				DEVELOPMENT_TEAM = DBEPTECPFM;
				INFOPLIST_FILE = SearchEngine/Info.plist;
				LD_RUNPATH_SEARCH_PATHS = (
					"$(inherited)",
					"@executable_path/../Frameworks",
				);
				PRODUCT_BUNDLE_IDENTIFIER = com.frenchfalcon.SearchEngine;
				PRODUCT_NAME = "$(TARGET_NAME)";
				SWIFT_OBJC_BRIDGING_HEADER = "SearchEngine-Bridging-Header.h";
				SWIFT_OPTIMIZATION_LEVEL = "-Onone";
				SWIFT_VERSION = 4.2;
			};
			name = Debug;
		};
		D040E66F214C99CB00A487F5 /* Release */ = {
			isa = XCBuildConfiguration;
			buildSettings = {
				ASSETCATALOG_COMPILER_APPICON_NAME = AppIcon;
				CLANG_ENABLE_MODULES = YES;
				CODE_SIGN_ENTITLEMENTS = SearchEngine/SearchEngine.entitlements;
				CODE_SIGN_STYLE = Automatic;
				COMBINE_HIDPI_IMAGES = YES;
				DEVELOPMENT_TEAM = DBEPTECPFM;
				INFOPLIST_FILE = SearchEngine/Info.plist;
				LD_RUNPATH_SEARCH_PATHS = (
					"$(inherited)",
					"@executable_path/../Frameworks",
				);
				PRODUCT_BUNDLE_IDENTIFIER = com.frenchfalcon.SearchEngine;
				PRODUCT_NAME = "$(TARGET_NAME)";
				SWIFT_OBJC_BRIDGING_HEADER = "SearchEngine-Bridging-Header.h";
				SWIFT_VERSION = 4.2;
			};
			name = Release;
		};
		D040E671214C99CB00A487F5 /* Debug */ = {
			isa = XCBuildConfiguration;
			buildSettings = {
				ALWAYS_EMBED_SWIFT_STANDARD_LIBRARIES = YES;
				BUNDLE_LOADER = "$(TEST_HOST)";
				CODE_SIGN_STYLE = Automatic;
				COMBINE_HIDPI_IMAGES = YES;
				DEVELOPMENT_TEAM = DBEPTECPFM;
				INFOPLIST_FILE = SearchEngineTests/Info.plist;
				LD_RUNPATH_SEARCH_PATHS = (
					"$(inherited)",
					"@executable_path/../Frameworks",
					"@loader_path/../Frameworks",
				);
				PRODUCT_BUNDLE_IDENTIFIER = com.frenchfalcon.SearchEngineTests;
				PRODUCT_NAME = "$(TARGET_NAME)";
				SWIFT_VERSION = 4.2;
				TEST_HOST = "$(BUILT_PRODUCTS_DIR)/SearchEngine.app/Contents/MacOS/SearchEngine";
			};
			name = Debug;
		};
		D040E672214C99CB00A487F5 /* Release */ = {
			isa = XCBuildConfiguration;
			buildSettings = {
				ALWAYS_EMBED_SWIFT_STANDARD_LIBRARIES = YES;
				BUNDLE_LOADER = "$(TEST_HOST)";
				CODE_SIGN_STYLE = Automatic;
				COMBINE_HIDPI_IMAGES = YES;
				DEVELOPMENT_TEAM = DBEPTECPFM;
				INFOPLIST_FILE = SearchEngineTests/Info.plist;
				LD_RUNPATH_SEARCH_PATHS = (
					"$(inherited)",
					"@executable_path/../Frameworks",
					"@loader_path/../Frameworks",
				);
				PRODUCT_BUNDLE_IDENTIFIER = com.frenchfalcon.SearchEngineTests;
				PRODUCT_NAME = "$(TARGET_NAME)";
				SWIFT_VERSION = 4.2;
				TEST_HOST = "$(BUILT_PRODUCTS_DIR)/SearchEngine.app/Contents/MacOS/SearchEngine";
			};
			name = Release;
		};
/* End XCBuildConfiguration section */

/* Begin XCConfigurationList section */
		D040E64D214C99C900A487F5 /* Build configuration list for PBXProject "SearchEngine" */ = {
			isa = XCConfigurationList;
			buildConfigurations = (
				D040E66B214C99CB00A487F5 /* Debug */,
				D040E66C214C99CB00A487F5 /* Release */,
			);
			defaultConfigurationIsVisible = 0;
			defaultConfigurationName = Release;
		};
		D040E66D214C99CB00A487F5 /* Build configuration list for PBXNativeTarget "SearchEngine" */ = {
			isa = XCConfigurationList;
			buildConfigurations = (
				D040E66E214C99CB00A487F5 /* Debug */,
				D040E66F214C99CB00A487F5 /* Release */,
			);
			defaultConfigurationIsVisible = 0;
			defaultConfigurationName = Release;
		};
		D040E670214C99CB00A487F5 /* Build configuration list for PBXNativeTarget "SearchEngineTests" */ = {
			isa = XCConfigurationList;
			buildConfigurations = (
				D040E671214C99CB00A487F5 /* Debug */,
				D040E672214C99CB00A487F5 /* Release */,
			);
			defaultConfigurationIsVisible = 0;
			defaultConfigurationName = Release;
		};
/* End XCConfigurationList section */
	};
	rootObject = D040E64A214C99C900A487F5 /* Project object */;
}
